
Microsoft Visual Studio Solution File, Format Version 12.00
# Visual Studio 15
VisualStudioVersion = 15.0.26403.7
MinimumVisualStudioVersion = 10.0.40219.1
Project("{FAE04EC0-301F-11D3-BF4B-00C04F79EFBC}") = "MW2KT", "MW2KT\MW2KT.csproj", "{EB4333BE-7D77-49D0-BDCD-6519D221228F}"
EndProject
Project("{FAE04EC0-301F-11D3-BF4B-00C04F79EFBC}") = "MW2KT_WPF", "MW2KT_WPF\MW2KT_WPF.csproj", "{8C65BFC0-A5DC-4554-BBC9-75DD14FEE991}"
EndProject
Project("{FAE04EC0-301F-11D3-BF4B-00C04F79EFBC}") = "MW2KTCore", "MW2KTCore\MW2KTCore.csproj", "{1D1AF281-69BC-4A02-B2D2-4AACE5F4C090}"
EndProject
Project("{FAE04EC0-301F-11D3-BF4B-00C04F79EFBC}") = "Test Pcap", "Test Pcap\Test Pcap.csproj", "{4E90B53E-B024-4893-85E4-E941766DCA4B}"
EndProject
Global
	GlobalSection(SolutionConfigurationPlatforms) = preSolution
		Debug|Any CPU = Debug|Any CPU
		Release|Any CPU = Release|Any CPU
	EndGlobalSection
	GlobalSection(ProjectConfigurationPlatforms) = postSolution
		{EB4333BE-7D77-49D0-BDCD-6519D221228F}.Debug|Any CPU.ActiveCfg = Debug|Any CPU
		{EB4333BE-7D77-49D0-BDCD-6519D221228F}.Debug|Any CPU.Build.0 = Debug|Any CPU
		{EB4333BE-7D77-49D0-BDCD-6519D221228F}.Release|Any CPU.ActiveCfg = Release|Any CPU
		{EB4333BE-7D77-49D0-BDCD-6519D221228F}.Release|Any CPU.Build.0 = Release|Any CPU
		{8C65BFC0-A5DC-4554-BBC9-75DD14FEE991}.Debug|Any CPU.ActiveCfg = Debug|Any CPU
		{8C65BFC0-A5DC-4554-BBC9-75DD14FEE991}.Debug|Any CPU.Build.0 = Debug|Any CPU
		{8C65BFC0-A5DC-4554-BBC9-75DD14FEE991}.Release|Any CPU.ActiveCfg = Release|Any CPU
		{8C65BFC0-A5DC-4554-BBC9-75DD14FEE991}.Release|Any CPU.Build.0 = Release|Any CPU
		{1D1AF281-69BC-4A02-B2D2-4AACE5F4C090}.Debug|Any CPU.ActiveCfg = Debug|Any CPU
		{1D1AF281-69BC-4A02-B2D2-4AACE5F4C090}.Debug|Any CPU.Build.0 = Debug|Any CPU
		{1D1AF281-69BC-4A02-B2D2-4AACE5F4C090}.Release|Any CPU.ActiveCfg = Release|Any CPU
		{1D1AF281-69BC-4A02-B2D2-4AACE5F4C090}.Release|Any CPU.Build.0 = Release|Any CPU
		{4E90B53E-B024-4893-85E4-E941766DCA4B}.Debug|Any CPU.ActiveCfg = Debug|Any CPU
		{4E90B53E-B024-4893-85E4-E941766DCA4B}.Debug|Any CPU.Build.0 = Debug|Any CPU
		{4E90B53E-B024-4893-85E4-E941766DCA4B}.Release|Any CPU.ActiveCfg = Release|Any CPU
		{4E90B53E-B024-4893-85E4-E941766DCA4B}.Release|Any CPU.Build.0 = Release|Any CPU
	EndGlobalSection
	GlobalSection(SolutionProperties) = preSolution
		HideSolutionNode = FALSE
	EndGlobalSection
EndGlobal
